// !$*UTF8*$!
{
	archiveVersion = 1;
	classes = {
	};
	objectVersion = 55;
	objects = {

/* Begin PBXBuildFile section */
		D11BF15627649C40006F2A6C /* WeiBoApp.swift in Sources */ = {isa = PBXBuildFile; fileRef = D11BF15527649C40006F2A6C /* WeiBoApp.swift */; };
		D11BF15827649C40006F2A6C /* ContentView.swift in Sources */ = {isa = PBXBuildFile; fileRef = D11BF15727649C40006F2A6C /* ContentView.swift */; };
		D11BF15A27649C41006F2A6C /* Assets.xcassets in Resources */ = {isa = PBXBuildFile; fileRef = D11BF15927649C41006F2A6C /* Assets.xcassets */; };
		D11BF15D27649C41006F2A6C /* Preview Assets.xcassets in Resources */ = {isa = PBXBuildFile; fileRef = D11BF15C27649C41006F2A6C /* Preview Assets.xcassets */; };
		D11BF1BD27649C62006F2A6C /* Post.swift in Sources */ = {isa = PBXBuildFile; fileRef = D11BF16327649C62006F2A6C /* Post.swift */; };
		D11BF1BE27649C62006F2A6C /* 8697cf1ely8gashxj3b09j20u00u040v.jpg in Resources */ = {isa = PBXBuildFile; fileRef = D11BF16527649C62006F2A6C /* 8697cf1ely8gashxj3b09j20u00u040v.jpg */; };
		D11BF1BF27649C62006F2A6C /* d0c21786ly1gavj2c0kcej20c8096dh7.jpg in Resources */ = {isa = PBXBuildFile; fileRef = D11BF16627649C62006F2A6C /* d0c21786ly1gavj2c0kcej20c8096dh7.jpg */; };
		D11BF1C027649C62006F2A6C /* 6ec3b446jw1e8qgp5bmzyj2050050aa8.jpg in Resources */ = {isa = PBXBuildFile; fileRef = D11BF16727649C62006F2A6C /* 6ec3b446jw1e8qgp5bmzyj2050050aa8.jpg */; };
		D11BF1C127649C62006F2A6C /* 8a0b5544jw1e8qgp5bmzyj2050050aa8.jpg in Resources */ = {isa = PBXBuildFile; fileRef = D11BF16827649C62006F2A6C /* 8a0b5544jw1e8qgp5bmzyj2050050aa8.jpg */; };
		D11BF1C227649C62006F2A6C /* bca7fdafly1gax1gqdg6qj20c80avdgl.jpg in Resources */ = {isa = PBXBuildFile; fileRef = D11BF16927649C62006F2A6C /* bca7fdafly1gax1gqdg6qj20c80avdgl.jpg */; };
		D11BF1C327649C62006F2A6C /* 9dc7402fjw1e8qgp5bmzyj2050050aa8.jpg in Resources */ = {isa = PBXBuildFile; fileRef = D11BF16A27649C62006F2A6C /* 9dc7402fjw1e8qgp5bmzyj2050050aa8.jpg */; };
		D11BF1C427649C62006F2A6C /* eb5c94aegy1gav25n5ibjj20zk1h8wuu.jpg in Resources */ = {isa = PBXBuildFile; fileRef = D11BF16B27649C62006F2A6C /* eb5c94aegy1gav25n5ibjj20zk1h8wuu.jpg */; };
		D11BF1C527649C62006F2A6C /* 006gWxMEly1gavap8dywoj30hs0bwq48.jpg in Resources */ = {isa = PBXBuildFile; fileRef = D11BF16C27649C62006F2A6C /* 006gWxMEly1gavap8dywoj30hs0bwq48.jpg */; };
		D11BF1C627649C62006F2A6C /* WechatIMG3.jpeg in Resources */ = {isa = PBXBuildFile; fileRef = D11BF16D27649C62006F2A6C /* WechatIMG3.jpeg */; };
		D11BF1C727649C62006F2A6C /* 630584a6gy1gau54zl806j20m80etmzo.jpg in Resources */ = {isa = PBXBuildFile; fileRef = D11BF16E27649C62006F2A6C /* 630584a6gy1gau54zl806j20m80etmzo.jpg */; };
		D11BF1C827649C62006F2A6C /* 9dc7402fgy1gavd38wwlrj20j60nyq6y.jpg in Resources */ = {isa = PBXBuildFile; fileRef = D11BF16F27649C62006F2A6C /* 9dc7402fgy1gavd38wwlrj20j60nyq6y.jpg */; };
		D11BF1C927649C62006F2A6C /* 8a0b5544gy1gauy2flua6j20u00hitab.jpg in Resources */ = {isa = PBXBuildFile; fileRef = D11BF17027649C62006F2A6C /* 8a0b5544gy1gauy2flua6j20u00hitab.jpg */; };
		D11BF1CA27649C62006F2A6C /* 7f9147a5ly1fzxlh4ovuej20e90fl4fo.jpg in Resources */ = {isa = PBXBuildFile; fileRef = D11BF17127649C62006F2A6C /* 7f9147a5ly1fzxlh4ovuej20e90fl4fo.jpg */; };
		D11BF1CB27649C62006F2A6C /* 7f9147a5ly1fzxlgxgzpij20e90fltsj.jpg in Resources */ = {isa = PBXBuildFile; fileRef = D11BF17227649C62006F2A6C /* 7f9147a5ly1fzxlgxgzpij20e90fltsj.jpg */; };
		D11BF1CC27649C62006F2A6C /* 76297935ly1gatz8obqvkj22c0340npe.jpg in Resources */ = {isa = PBXBuildFile; fileRef = D11BF17327649C62006F2A6C /* 76297935ly1gatz8obqvkj22c0340npe.jpg */; };
		D11BF1CD27649C62006F2A6C /* d0c21786ly8fsax1ftiifj20ro0ro43g.jpg in Resources */ = {isa = PBXBuildFile; fileRef = D11BF17427649C62006F2A6C /* d0c21786ly8fsax1ftiifj20ro0ro43g.jpg */; };
		D11BF1CE27649C62006F2A6C /* 9dc7402fgy1gavd38kqjtj20j60nyn1d.jpg in Resources */ = {isa = PBXBuildFile; fileRef = D11BF17527649C62006F2A6C /* 9dc7402fgy1gavd38kqjtj20j60nyn1d.jpg */; };
		D11BF1CF27649C62006F2A6C /* 6a2afec3gy1gaulykcejqj20t5145wns.jpg in Resources */ = {isa = PBXBuildFile; fileRef = D11BF17627649C62006F2A6C /* 6a2afec3gy1gaulykcejqj20t5145wns.jpg */; };
		D11BF1D027649C62006F2A6C /* 4e7f0c83gy1gam2mp0x4pj22tc240u0x.jpg in Resources */ = {isa = PBXBuildFile; fileRef = D11BF17727649C62006F2A6C /* 4e7f0c83gy1gam2mp0x4pj22tc240u0x.jpg */; };
		D11BF1D127649C62006F2A6C /* c5aa834fgy1gauzrb7s5ej20tz13qh5x.jpg in Resources */ = {isa = PBXBuildFile; fileRef = D11BF17827649C62006F2A6C /* c5aa834fgy1gauzrb7s5ej20tz13qh5x.jpg */; };
		D11BF1D227649C62006F2A6C /* 700a34f6gy1gaunswxtlrj20j60pkgok.jpg in Resources */ = {isa = PBXBuildFile; fileRef = D11BF17927649C62006F2A6C /* 700a34f6gy1gaunswxtlrj20j60pkgok.jpg */; };
		D11BF1D327649C62006F2A6C /* 8a0b5544gy1gauy2ex786j20u0129aed.jpg in Resources */ = {isa = PBXBuildFile; fileRef = D11BF17A27649C62006F2A6C /* 8a0b5544gy1gauy2ex786j20u0129aed.jpg */; };
		D11BF1D427649C62006F2A6C /* 76297935ly1gatz89dzblj23402c0qv6.jpg in Resources */ = {isa = PBXBuildFile; fileRef = D11BF17B27649C62006F2A6C /* 76297935ly1gatz89dzblj23402c0qv6.jpg */; };
		D11BF1D527649C62006F2A6C /* 700a34f6gy1gaunswy5qnj20j60pkadk.jpg in Resources */ = {isa = PBXBuildFile; fileRef = D11BF17C27649C62006F2A6C /* 700a34f6gy1gaunswy5qnj20j60pkadk.jpg */; };
		D11BF1D627649C62006F2A6C /* bca7fdafgw1ekhkps65b1j2050050dg4.jpg in Resources */ = {isa = PBXBuildFile; fileRef = D11BF17D27649C62006F2A6C /* bca7fdafgw1ekhkps65b1j2050050dg4.jpg */; };
		D11BF1D727649C62006F2A6C /* PostListData_recommend_1.json in Resources */ = {isa = PBXBuildFile; fileRef = D11BF17E27649C62006F2A6C /* PostListData_recommend_1.json */; };
		D11BF1D827649C62006F2A6C /* 006gWxMEly8g0bjpl3ynij30kv0kv773.jpg in Resources */ = {isa = PBXBuildFile; fileRef = D11BF17F27649C62006F2A6C /* 006gWxMEly8g0bjpl3ynij30kv0kv773.jpg */; };
		D11BF1D927649C62006F2A6C /* 6ec3b446gy1gavd51jc4lj20j60pmwhl.jpg in Resources */ = {isa = PBXBuildFile; fileRef = D11BF18027649C62006F2A6C /* 6ec3b446gy1gavd51jc4lj20j60pmwhl.jpg */; };
		D11BF1DA27649C62006F2A6C /* 006gWxMEly1gavap88gttj30hs0a0dgf.jpg in Resources */ = {isa = PBXBuildFile; fileRef = D11BF18127649C62006F2A6C /* 006gWxMEly1gavap88gttj30hs0a0dgf.jpg */; };
		D11BF1DB27649C62006F2A6C /* 4e7f0c83gy1gam2ml6nucj22tc240kjl.jpg in Resources */ = {isa = PBXBuildFile; fileRef = D11BF18227649C62006F2A6C /* 4e7f0c83gy1gam2ml6nucj22tc240kjl.jpg */; };
		D11BF1DC27649C62006F2A6C /* 4e7f0c83gy1gam2misv31j21hc0u016k.jpg in Resources */ = {isa = PBXBuildFile; fileRef = D11BF18327649C62006F2A6C /* 4e7f0c83gy1gam2misv31j21hc0u016k.jpg */; };
		D11BF1DD27649C62006F2A6C /* 8a0b5544gy1gauy2gmkg9j20u00gegnp.jpg in Resources */ = {isa = PBXBuildFile; fileRef = D11BF18427649C62006F2A6C /* 8a0b5544gy1gauy2gmkg9j20u00gegnp.jpg */; };
		D11BF1DE27649C62006F2A6C /* 006gWxMEly1gavap8vsqaj30hs0bwgm6.jpg in Resources */ = {isa = PBXBuildFile; fileRef = D11BF18527649C62006F2A6C /* 006gWxMEly1gavap8vsqaj30hs0bwgm6.jpg */; };
		D11BF1DF27649C62006F2A6C /* 648ed25bjw8est9nqrtnij20500503yr.jpg in Resources */ = {isa = PBXBuildFile; fileRef = D11BF18627649C62006F2A6C /* 648ed25bjw8est9nqrtnij20500503yr.jpg */; };
		D11BF1E027649C62006F2A6C /* eb5c94aegy1gav25ox6dvj20u00k1go9.jpg in Resources */ = {isa = PBXBuildFile; fileRef = D11BF18727649C62006F2A6C /* eb5c94aegy1gav25ox6dvj20u00k1go9.jpg */; };
		D11BF1E127649C62006F2A6C /* 8a0b5544gy1gauy2g35yoj20u00fomzf.jpg in Resources */ = {isa = PBXBuildFile; fileRef = D11BF18827649C62006F2A6C /* 8a0b5544gy1gauy2g35yoj20u00fomzf.jpg */; };
		D11BF1E227649C62006F2A6C /* 006PdkDoly8ffywe2fq39j304g04gwed.jpg in Resources */ = {isa = PBXBuildFile; fileRef = D11BF18927649C62006F2A6C /* 006PdkDoly8ffywe2fq39j304g04gwed.jpg */; };
		D11BF1E327649C62006F2A6C /* 700a34f6gy1gaunsxgzixj20j60edmz8.jpg in Resources */ = {isa = PBXBuildFile; fileRef = D11BF18A27649C62006F2A6C /* 700a34f6gy1gaunsxgzixj20j60edmz8.jpg */; };
		D11BF1E427649C62006F2A6C /* bca7fdafly1gax1gqdnboj20c80atmxp.jpg in Resources */ = {isa = PBXBuildFile; fileRef = D11BF18B27649C62006F2A6C /* bca7fdafly1gax1gqdnboj20c80atmxp.jpg */; };
		D11BF1E527649C62006F2A6C /* c5aa834fgy1gauzr6venkj20u01hc12f.jpg in Resources */ = {isa = PBXBuildFile; fileRef = D11BF18C27649C62006F2A6C /* c5aa834fgy1gauzr6venkj20u01hc12f.jpg */; };
		D11BF1E627649C62006F2A6C /* 7f9147a5ly1fzxlh6hzdnj20e90fl7me.jpg in Resources */ = {isa = PBXBuildFile; fileRef = D11BF18D27649C62006F2A6C /* 7f9147a5ly1fzxlh6hzdnj20e90fl7me.jpg */; };
		D11BF1E727649C62006F2A6C /* 630584a6gy1gau54zm4dtj20m80dftbv.jpg in Resources */ = {isa = PBXBuildFile; fileRef = D11BF18E27649C62006F2A6C /* 630584a6gy1gau54zm4dtj20m80dftbv.jpg */; };
		D11BF1E827649C62006F2A6C /* c5aa834fgy1gauzr86bp5j20pb0w47in.jpg in Resources */ = {isa = PBXBuildFile; fileRef = D11BF18F27649C62006F2A6C /* c5aa834fgy1gauzr86bp5j20pb0w47in.jpg */; };
		D11BF1E927649C62006F2A6C /* 9dc7402fgy1gavd39ba15j20j60nywii.jpg in Resources */ = {isa = PBXBuildFile; fileRef = D11BF19027649C62006F2A6C /* 9dc7402fgy1gavd39ba15j20j60nywii.jpg */; };
		D11BF1EA27649C62006F2A6C /* bca7fdafly1gax1gqfgsjj20c80axaay.jpg in Resources */ = {isa = PBXBuildFile; fileRef = D11BF19127649C62006F2A6C /* bca7fdafly1gax1gqfgsjj20c80axaay.jpg */; };
		D11BF1EB27649C62006F2A6C /* c5aa834fly8g97m8ix9lcj20re0regnk.jpg in Resources */ = {isa = PBXBuildFile; fileRef = D11BF19227649C62006F2A6C /* c5aa834fly8g97m8ix9lcj20re0regnk.jpg */; };
		D11BF1EC27649C62006F2A6C /* 700a34f6ly8g9a29rjt92j20fn0iqdg8.jpg in Resources */ = {isa = PBXBuildFile; fileRef = D11BF19327649C62006F2A6C /* 700a34f6ly8g9a29rjt92j20fn0iqdg8.jpg */; };
		D11BF1ED27649C62006F2A6C /* d0c21786ly1gavj2cdrkyj20c80720tg.jpg in Resources */ = {isa = PBXBuildFile; fileRef = D11BF19427649C62006F2A6C /* d0c21786ly1gavj2cdrkyj20c80720tg.jpg */; };
		D11BF1EE27649C62006F2A6C /* bca7fdafly1gax1gqehdaj20c80atq3x.jpg in Resources */ = {isa = PBXBuildFile; fileRef = D11BF19527649C62006F2A6C /* bca7fdafly1gax1gqehdaj20c80atq3x.jpg */; };
		D11BF1EF27649C62006F2A6C /* d0c21786ly1gavj2d17d9j20c808zq3r.jpg in Resources */ = {isa = PBXBuildFile; fileRef = D11BF19627649C62006F2A6C /* d0c21786ly1gavj2d17d9j20c808zq3r.jpg */; };
		D11BF1F027649C62006F2A6C /* 8a0b5544gy1gauy2gz000j20u00n6wgj.jpg in Resources */ = {isa = PBXBuildFile; fileRef = D11BF19727649C62006F2A6C /* 8a0b5544gy1gauy2gz000j20u00n6wgj.jpg */; };
		D11BF1F127649C62006F2A6C /* 006PdkDogy1gap6ngj12ej30u011itf7.jpg in Resources */ = {isa = PBXBuildFile; fileRef = D11BF19827649C62006F2A6C /* 006PdkDogy1gap6ngj12ej30u011itf7.jpg */; };
		D11BF1F227649C62006F2A6C /* 700a34f6gy1gaunsx2jywj20j60pkaeu.jpg in Resources */ = {isa = PBXBuildFile; fileRef = D11BF19927649C62006F2A6C /* 700a34f6gy1gaunsx2jywj20j60pkaeu.jpg */; };
		D11BF1F327649C62006F2A6C /* 4e7f0c83gy1gam2mr1b81j22tc2407wi.jpg in Resources */ = {isa = PBXBuildFile; fileRef = D11BF19A27649C62006F2A6C /* 4e7f0c83gy1gam2mr1b81j22tc2407wi.jpg */; };
		D11BF1F427649C62006F2A6C /* 6a2afec3jw8fb4ld0qf2gj20e80dsdfz.jpg in Resources */ = {isa = PBXBuildFile; fileRef = D11BF19B27649C62006F2A6C /* 6a2afec3jw8fb4ld0qf2gj20e80dsdfz.jpg */; };
		D11BF1F527649C62006F2A6C /* bca7fdafly1gax1gqd9vmj20c80ayaam.jpg in Resources */ = {isa = PBXBuildFile; fileRef = D11BF19C27649C62006F2A6C /* bca7fdafly1gax1gqd9vmj20c80ayaam.jpg */; };
		D11BF1F627649C62006F2A6C /* 8a0b5544gy1gauy2hcozsj20u01czdiy.jpg in Resources */ = {isa = PBXBuildFile; fileRef = D11BF19D27649C62006F2A6C /* 8a0b5544gy1gauy2hcozsj20u01czdiy.jpg */; };
		D11BF1F727649C62006F2A6C /* c5aa834fgy1gauzr95r6fj20tw0l3dq4.jpg in Resources */ = {isa = PBXBuildFile; fileRef = D11BF19E27649C62006F2A6C /* c5aa834fgy1gauzr95r6fj20tw0l3dq4.jpg */; };
		D11BF1F827649C62006F2A6C /* 006PdkDogy1gap6ngiyn3j30u011idle.jpg in Resources */ = {isa = PBXBuildFile; fileRef = D11BF19F27649C62006F2A6C /* 006PdkDogy1gap6ngiyn3j30u011idle.jpg */; };
		D11BF1F927649C62006F2A6C /* d0c21786ly1gavj2btv6tj20c80790tg.jpg in Resources */ = {isa = PBXBuildFile; fileRef = D11BF1A027649C62006F2A6C /* d0c21786ly1gavj2btv6tj20c80790tg.jpg */; };
		D11BF1FA27649C62006F2A6C /* PostListData_hot_1.json in Resources */ = {isa = PBXBuildFile; fileRef = D11BF1A127649C62006F2A6C /* PostListData_hot_1.json */; };
		D11BF1FB27649C62006F2A6C /* eb5c94aely8fmvumnl9baj20v90v9q49.jpg in Resources */ = {isa = PBXBuildFile; fileRef = D11BF1A227649C62006F2A6C /* eb5c94aely8fmvumnl9baj20v90v9q49.jpg */; };
		D11BF1FC27649C62006F2A6C /* 630584a6ly8fqs5wwkkmrj20ku0kuta7.jpg in Resources */ = {isa = PBXBuildFile; fileRef = D11BF1A327649C62006F2A6C /* 630584a6ly8fqs5wwkkmrj20ku0kuta7.jpg */; };
		D11BF1FD27649C62006F2A6C /* d0c21786ly1gavj2cowp9j20c8083ab4.jpg in Resources */ = {isa = PBXBuildFile; fileRef = D11BF1A427649C62006F2A6C /* d0c21786ly1gavj2cowp9j20c8083ab4.jpg */; };
		D11BF1FE27649C62006F2A6C /* 9dc7402fgy1gavd367p0pj20j60nywic.jpg in Resources */ = {isa = PBXBuildFile; fileRef = D11BF1A527649C62006F2A6C /* 9dc7402fgy1gavd367p0pj20j60nywic.jpg */; };
		D11BF1FF27649C62006F2A6C /* 006gWxMEly1gavap86qr9j30ht0qo40t.jpg in Resources */ = {isa = PBXBuildFile; fileRef = D11BF1A627649C62006F2A6C /* 006gWxMEly1gavap86qr9j30ht0qo40t.jpg */; };
		D11BF20027649C62006F2A6C /* 76297935ly1gatz8k5itij22c02c01ky.jpg in Resources */ = {isa = PBXBuildFile; fileRef = D11BF1A727649C62006F2A6C /* 76297935ly1gatz8k5itij22c02c01ky.jpg */; };
		D11BF20127649C62006F2A6C /* 76297935ly1gatz8g5rvxj22c03401kz.jpg in Resources */ = {isa = PBXBuildFile; fileRef = D11BF1A827649C62006F2A6C /* 76297935ly1gatz8g5rvxj22c03401kz.jpg */; };
		D11BF20227649C62006F2A6C /* 700a34f6gy1gaunsxhp4pj20j60pkn1k.jpg in Resources */ = {isa = PBXBuildFile; fileRef = D11BF1A927649C62006F2A6C /* 700a34f6gy1gaunsxhp4pj20j60pkn1k.jpg */; };
		D11BF20327649C62006F2A6C /* eb5c94aegy1gav2509cp5j20zk0k0n2j.jpg in Resources */ = {isa = PBXBuildFile; fileRef = D11BF1AA27649C62006F2A6C /* eb5c94aegy1gav2509cp5j20zk0k0n2j.jpg */; };
		D11BF20427649C62006F2A6C /* 4e7f0c83gy1gam2mn58d3j22tc240qv5.jpg in Resources */ = {isa = PBXBuildFile; fileRef = D11BF1AB27649C62006F2A6C /* 4e7f0c83gy1gam2mn58d3j22tc240qv5.jpg */; };
		D11BF20527649C62006F2A6C /* eb5c94aegy1gav26fycwlj20zk1h8drh.jpg in Resources */ = {isa = PBXBuildFile; fileRef = D11BF1AC27649C62006F2A6C /* eb5c94aegy1gav26fycwlj20zk1h8drh.jpg */; };
		D11BF20627649C62006F2A6C /* 630584a6gy1gau54zyj61j20m80etn07.jpg in Resources */ = {isa = PBXBuildFile; fileRef = D11BF1AD27649C62006F2A6C /* 630584a6gy1gau54zyj61j20m80etn07.jpg */; };
		D11BF20727649C62006F2A6C /* c5aa834fgy1gauzr8ok78j20tz12fk8w.jpg in Resources */ = {isa = PBXBuildFile; fileRef = D11BF1AE27649C62006F2A6C /* c5aa834fgy1gauzr8ok78j20tz12fk8w.jpg */; };
		D11BF20827649C62006F2A6C /* 76297935ly8g4phfkq68hj20u00u0mzt.jpg in Resources */ = {isa = PBXBuildFile; fileRef = D11BF1AF27649C62006F2A6C /* 76297935ly8g4phfkq68hj20u00u0mzt.jpg */; };
		D11BF20927649C62006F2A6C /* 9dc7402fgy1gavd37l9nwj20j60ny44q.jpg in Resources */ = {isa = PBXBuildFile; fileRef = D11BF1B027649C62006F2A6C /* 9dc7402fgy1gavd37l9nwj20j60ny44q.jpg */; };
		D11BF20A27649C62006F2A6C /* 700a34f6gy1gaunswwui7j20j60pl78e.jpg in Resources */ = {isa = PBXBuildFile; fileRef = D11BF1B127649C62006F2A6C /* 700a34f6gy1gaunswwui7j20j60pl78e.jpg */; };
		D11BF20B27649C62006F2A6C /* 630584a6gy1gau54zgaxhj20m80et0vq.jpg in Resources */ = {isa = PBXBuildFile; fileRef = D11BF1B227649C62006F2A6C /* 630584a6gy1gau54zgaxhj20m80et0vq.jpg */; };
		D11BF20C27649C62006F2A6C /* 4e7f0c83gy1gam2mjhk8zj21hc0v6wnx.jpg in Resources */ = {isa = PBXBuildFile; fileRef = D11BF1B327649C62006F2A6C /* 4e7f0c83gy1gam2mjhk8zj21hc0v6wnx.jpg */; };
		D11BF20D27649C62006F2A6C /* 6ec3b446gy1gavd4xud8lj20j60qkwj0.jpg in Resources */ = {isa = PBXBuildFile; fileRef = D11BF1B427649C62006F2A6C /* 6ec3b446gy1gavd4xud8lj20j60qkwj0.jpg */; };
		D11BF20E27649C62006F2A6C /* 4e7f0c83ly8g1ho507078j20ro0rojtq.jpg in Resources */ = {isa = PBXBuildFile; fileRef = D11BF1B527649C62006F2A6C /* 4e7f0c83ly8g1ho507078j20ro0rojtq.jpg */; };
		D11BF20F27649C62006F2A6C /* bca7fdafly1gax1gqdhouj20c80axaam.jpg in Resources */ = {isa = PBXBuildFile; fileRef = D11BF1B627649C62006F2A6C /* bca7fdafly1gax1gqdhouj20c80axaam.jpg */; };
		D11BF21027649C62006F2A6C /* 6ec3b446gy1gavd523embj20j60pytd6.jpg in Resources */ = {isa = PBXBuildFile; fileRef = D11BF1B727649C62006F2A6C /* 6ec3b446gy1gavd523embj20j60pytd6.jpg */; };
		D11BF21127649C62006F2A6C /* 005tnxzUly8gab4i2r73xj30u00u0js8.jpg in Resources */ = {isa = PBXBuildFile; fileRef = D11BF1B827649C62006F2A6C /* 005tnxzUly8gab4i2r73xj30u00u0js8.jpg */; };
		D11BF21227649C62006F2A6C /* PostVIPBadge.swift in Sources */ = {isa = PBXBuildFile; fileRef = D11BF1B927649C62006F2A6C /* PostVIPBadge.swift */; };
		D11BF21327649C62006F2A6C /* PostCell.swift in Sources */ = {isa = PBXBuildFile; fileRef = D11BF1BA27649C62006F2A6C /* PostCell.swift */; };
		D11BF21427649C62006F2A6C /* PostListView.swift in Sources */ = {isa = PBXBuildFile; fileRef = D11BF1BB27649C62006F2A6C /* PostListView.swift */; };
		D11BF21527649C62006F2A6C /* PostCellToolbarButton.swift in Sources */ = {isa = PBXBuildFile; fileRef = D11BF1BC27649C62006F2A6C /* PostCellToolbarButton.swift */; };
/* End PBXBuildFile section */

/* Begin PBXFileReference section */
		D11BF15227649C40006F2A6C /* WeiBo.app */ = {isa = PBXFileReference; explicitFileType = wrapper.application; includeInIndex = 0; path = WeiBo.app; sourceTree = BUILT_PRODUCTS_DIR; };
		D11BF15527649C40006F2A6C /* WeiBoApp.swift */ = {isa = PBXFileReference; lastKnownFileType = sourcecode.swift; path = WeiBoApp.swift; sourceTree = "<group>"; };
		D11BF15727649C40006F2A6C /* ContentView.swift */ = {isa = PBXFileReference; lastKnownFileType = sourcecode.swift; path = ContentView.swift; sourceTree = "<group>"; };
		D11BF15927649C41006F2A6C /* Assets.xcassets */ = {isa = PBXFileReference; lastKnownFileType = folder.assetcatalog; path = Assets.xcassets; sourceTree = "<group>"; };
		D11BF15C27649C41006F2A6C /* Preview Assets.xcassets */ = {isa = PBXFileReference; lastKnownFileType = folder.assetcatalog; path = "Preview Assets.xcassets"; sourceTree = "<group>"; };
		D11BF16327649C62006F2A6C /* Post.swift */ = {isa = PBXFileReference; fileEncoding = 4; lastKnownFileType = sourcecode.swift; path = Post.swift; sourceTree = "<group>"; };
		D11BF16527649C62006F2A6C /* 8697cf1ely8gashxj3b09j20u00u040v.jpg */ = {isa = PBXFileReference; lastKnownFileType = image.jpeg; path = 8697cf1ely8gashxj3b09j20u00u040v.jpg; sourceTree = "<group>"; };
		D11BF16627649C62006F2A6C /* d0c21786ly1gavj2c0kcej20c8096dh7.jpg */ = {isa = PBXFileReference; lastKnownFileType = image.jpeg; path = d0c21786ly1gavj2c0kcej20c8096dh7.jpg; sourceTree = "<group>"; };
		D11BF16727649C62006F2A6C /* 6ec3b446jw1e8qgp5bmzyj2050050aa8.jpg */ = {isa = PBXFileReference; lastKnownFileType = image.jpeg; path = 6ec3b446jw1e8qgp5bmzyj2050050aa8.jpg; sourceTree = "<group>"; };
		D11BF16827649C62006F2A6C /* 8a0b5544jw1e8qgp5bmzyj2050050aa8.jpg */ = {isa = PBXFileReference; lastKnownFileType = image.jpeg; path = 8a0b5544jw1e8qgp5bmzyj2050050aa8.jpg; sourceTree = "<group>"; };
		D11BF16927649C62006F2A6C /* bca7fdafly1gax1gqdg6qj20c80avdgl.jpg */ = {isa = PBXFileReference; lastKnownFileType = image.jpeg; path = bca7fdafly1gax1gqdg6qj20c80avdgl.jpg; sourceTree = "<group>"; };
		D11BF16A27649C62006F2A6C /* 9dc7402fjw1e8qgp5bmzyj2050050aa8.jpg */ = {isa = PBXFileReference; lastKnownFileType = image.jpeg; path = 9dc7402fjw1e8qgp5bmzyj2050050aa8.jpg; sourceTree = "<group>"; };
		D11BF16B27649C62006F2A6C /* eb5c94aegy1gav25n5ibjj20zk1h8wuu.jpg */ = {isa = PBXFileReference; lastKnownFileType = image.jpeg; path = eb5c94aegy1gav25n5ibjj20zk1h8wuu.jpg; sourceTree = "<group>"; };
		D11BF16C27649C62006F2A6C /* 006gWxMEly1gavap8dywoj30hs0bwq48.jpg */ = {isa = PBXFileReference; lastKnownFileType = image.jpeg; path = 006gWxMEly1gavap8dywoj30hs0bwq48.jpg; sourceTree = "<group>"; };
		D11BF16D27649C62006F2A6C /* WechatIMG3.jpeg */ = {isa = PBXFileReference; lastKnownFileType = image.jpeg; path = WechatIMG3.jpeg; sourceTree = "<group>"; };
		D11BF16E27649C62006F2A6C /* 630584a6gy1gau54zl806j20m80etmzo.jpg */ = {isa = PBXFileReference; lastKnownFileType = image.jpeg; path = 630584a6gy1gau54zl806j20m80etmzo.jpg; sourceTree = "<group>"; };
		D11BF16F27649C62006F2A6C /* 9dc7402fgy1gavd38wwlrj20j60nyq6y.jpg */ = {isa = PBXFileReference; lastKnownFileType = image.jpeg; path = 9dc7402fgy1gavd38wwlrj20j60nyq6y.jpg; sourceTree = "<group>"; };
		D11BF17027649C62006F2A6C /* 8a0b5544gy1gauy2flua6j20u00hitab.jpg */ = {isa = PBXFileReference; lastKnownFileType = image.jpeg; path = 8a0b5544gy1gauy2flua6j20u00hitab.jpg; sourceTree = "<group>"; };
		D11BF17127649C62006F2A6C /* 7f9147a5ly1fzxlh4ovuej20e90fl4fo.jpg */ = {isa = PBXFileReference; lastKnownFileType = image.jpeg; path = 7f9147a5ly1fzxlh4ovuej20e90fl4fo.jpg; sourceTree = "<group>"; };
		D11BF17227649C62006F2A6C /* 7f9147a5ly1fzxlgxgzpij20e90fltsj.jpg */ = {isa = PBXFileReference; lastKnownFileType = image.jpeg; path = 7f9147a5ly1fzxlgxgzpij20e90fltsj.jpg; sourceTree = "<group>"; };
		D11BF17327649C62006F2A6C /* 76297935ly1gatz8obqvkj22c0340npe.jpg */ = {isa = PBXFileReference; lastKnownFileType = image.jpeg; path = 76297935ly1gatz8obqvkj22c0340npe.jpg; sourceTree = "<group>"; };
		D11BF17427649C62006F2A6C /* d0c21786ly8fsax1ftiifj20ro0ro43g.jpg */ = {isa = PBXFileReference; lastKnownFileType = image.jpeg; path = d0c21786ly8fsax1ftiifj20ro0ro43g.jpg; sourceTree = "<group>"; };
		D11BF17527649C62006F2A6C /* 9dc7402fgy1gavd38kqjtj20j60nyn1d.jpg */ = {isa = PBXFileReference; lastKnownFileType = image.jpeg; path = 9dc7402fgy1gavd38kqjtj20j60nyn1d.jpg; sourceTree = "<group>"; };
		D11BF17627649C62006F2A6C /* 6a2afec3gy1gaulykcejqj20t5145wns.jpg */ = {isa = PBXFileReference; lastKnownFileType = image.jpeg; path = 6a2afec3gy1gaulykcejqj20t5145wns.jpg; sourceTree = "<group>"; };
		D11BF17727649C62006F2A6C /* 4e7f0c83gy1gam2mp0x4pj22tc240u0x.jpg */ = {isa = PBXFileReference; lastKnownFileType = image.jpeg; path = 4e7f0c83gy1gam2mp0x4pj22tc240u0x.jpg; sourceTree = "<group>"; };
		D11BF17827649C62006F2A6C /* c5aa834fgy1gauzrb7s5ej20tz13qh5x.jpg */ = {isa = PBXFileReference; lastKnownFileType = image.jpeg; path = c5aa834fgy1gauzrb7s5ej20tz13qh5x.jpg; sourceTree = "<group>"; };
		D11BF17927649C62006F2A6C /* 700a34f6gy1gaunswxtlrj20j60pkgok.jpg */ = {isa = PBXFileReference; lastKnownFileType = image.jpeg; path = 700a34f6gy1gaunswxtlrj20j60pkgok.jpg; sourceTree = "<group>"; };
		D11BF17A27649C62006F2A6C /* 8a0b5544gy1gauy2ex786j20u0129aed.jpg */ = {isa = PBXFileReference; lastKnownFileType = image.jpeg; path = 8a0b5544gy1gauy2ex786j20u0129aed.jpg; sourceTree = "<group>"; };
		D11BF17B27649C62006F2A6C /* 76297935ly1gatz89dzblj23402c0qv6.jpg */ = {isa = PBXFileReference; lastKnownFileType = image.jpeg; path = 76297935ly1gatz89dzblj23402c0qv6.jpg; sourceTree = "<group>"; };
		D11BF17C27649C62006F2A6C /* 700a34f6gy1gaunswy5qnj20j60pkadk.jpg */ = {isa = PBXFileReference; lastKnownFileType = image.jpeg; path = 700a34f6gy1gaunswy5qnj20j60pkadk.jpg; sourceTree = "<group>"; };
		D11BF17D27649C62006F2A6C /* bca7fdafgw1ekhkps65b1j2050050dg4.jpg */ = {isa = PBXFileReference; lastKnownFileType = image.jpeg; path = bca7fdafgw1ekhkps65b1j2050050dg4.jpg; sourceTree = "<group>"; };
		D11BF17E27649C62006F2A6C /* PostListData_recommend_1.json */ = {isa = PBXFileReference; fileEncoding = 4; lastKnownFileType = text.json; path = PostListData_recommend_1.json; sourceTree = "<group>"; };
		D11BF17F27649C62006F2A6C /* 006gWxMEly8g0bjpl3ynij30kv0kv773.jpg */ = {isa = PBXFileReference; lastKnownFileType = image.jpeg; path = 006gWxMEly8g0bjpl3ynij30kv0kv773.jpg; sourceTree = "<group>"; };
		D11BF18027649C62006F2A6C /* 6ec3b446gy1gavd51jc4lj20j60pmwhl.jpg */ = {isa = PBXFileReference; lastKnownFileType = image.jpeg; path = 6ec3b446gy1gavd51jc4lj20j60pmwhl.jpg; sourceTree = "<group>"; };
		D11BF18127649C62006F2A6C /* 006gWxMEly1gavap88gttj30hs0a0dgf.jpg */ = {isa = PBXFileReference; lastKnownFileType = image.jpeg; path = 006gWxMEly1gavap88gttj30hs0a0dgf.jpg; sourceTree = "<group>"; };
		D11BF18227649C62006F2A6C /* 4e7f0c83gy1gam2ml6nucj22tc240kjl.jpg */ = {isa = PBXFileReference; lastKnownFileType = image.jpeg; path = 4e7f0c83gy1gam2ml6nucj22tc240kjl.jpg; sourceTree = "<group>"; };
		D11BF18327649C62006F2A6C /* 4e7f0c83gy1gam2misv31j21hc0u016k.jpg */ = {isa = PBXFileReference; lastKnownFileType = image.jpeg; path = 4e7f0c83gy1gam2misv31j21hc0u016k.jpg; sourceTree = "<group>"; };
		D11BF18427649C62006F2A6C /* 8a0b5544gy1gauy2gmkg9j20u00gegnp.jpg */ = {isa = PBXFileReference; lastKnownFileType = image.jpeg; path = 8a0b5544gy1gauy2gmkg9j20u00gegnp.jpg; sourceTree = "<group>"; };
		D11BF18527649C62006F2A6C /* 006gWxMEly1gavap8vsqaj30hs0bwgm6.jpg */ = {isa = PBXFileReference; lastKnownFileType = image.jpeg; path = 006gWxMEly1gavap8vsqaj30hs0bwgm6.jpg; sourceTree = "<group>"; };
		D11BF18627649C62006F2A6C /* 648ed25bjw8est9nqrtnij20500503yr.jpg */ = {isa = PBXFileReference; lastKnownFileType = image.jpeg; path = 648ed25bjw8est9nqrtnij20500503yr.jpg; sourceTree = "<group>"; };
		D11BF18727649C62006F2A6C /* eb5c94aegy1gav25ox6dvj20u00k1go9.jpg */ = {isa = PBXFileReference; lastKnownFileType = image.jpeg; path = eb5c94aegy1gav25ox6dvj20u00k1go9.jpg; sourceTree = "<group>"; };
		D11BF18827649C62006F2A6C /* 8a0b5544gy1gauy2g35yoj20u00fomzf.jpg */ = {isa = PBXFileReference; lastKnownFileType = image.jpeg; path = 8a0b5544gy1gauy2g35yoj20u00fomzf.jpg; sourceTree = "<group>"; };
		D11BF18927649C62006F2A6C /* 006PdkDoly8ffywe2fq39j304g04gwed.jpg */ = {isa = PBXFileReference; lastKnownFileType = image.jpeg; path = 006PdkDoly8ffywe2fq39j304g04gwed.jpg; sourceTree = "<group>"; };
		D11BF18A27649C62006F2A6C /* 700a34f6gy1gaunsxgzixj20j60edmz8.jpg */ = {isa = PBXFileReference; lastKnownFileType = image.jpeg; path = 700a34f6gy1gaunsxgzixj20j60edmz8.jpg; sourceTree = "<group>"; };
		D11BF18B27649C62006F2A6C /* bca7fdafly1gax1gqdnboj20c80atmxp.jpg */ = {isa = PBXFileReference; lastKnownFileType = image.jpeg; path = bca7fdafly1gax1gqdnboj20c80atmxp.jpg; sourceTree = "<group>"; };
		D11BF18C27649C62006F2A6C /* c5aa834fgy1gauzr6venkj20u01hc12f.jpg */ = {isa = PBXFileReference; lastKnownFileType = image.jpeg; path = c5aa834fgy1gauzr6venkj20u01hc12f.jpg; sourceTree = "<group>"; };
		D11BF18D27649C62006F2A6C /* 7f9147a5ly1fzxlh6hzdnj20e90fl7me.jpg */ = {isa = PBXFileReference; lastKnownFileType = image.jpeg; path = 7f9147a5ly1fzxlh6hzdnj20e90fl7me.jpg; sourceTree = "<group>"; };
		D11BF18E27649C62006F2A6C /* 630584a6gy1gau54zm4dtj20m80dftbv.jpg */ = {isa = PBXFileReference; lastKnownFileType = image.jpeg; path = 630584a6gy1gau54zm4dtj20m80dftbv.jpg; sourceTree = "<group>"; };
		D11BF18F27649C62006F2A6C /* c5aa834fgy1gauzr86bp5j20pb0w47in.jpg */ = {isa = PBXFileReference; lastKnownFileType = image.jpeg; path = c5aa834fgy1gauzr86bp5j20pb0w47in.jpg; sourceTree = "<group>"; };
		D11BF19027649C62006F2A6C /* 9dc7402fgy1gavd39ba15j20j60nywii.jpg */ = {isa = PBXFileReference; lastKnownFileType = image.jpeg; path = 9dc7402fgy1gavd39ba15j20j60nywii.jpg; sourceTree = "<group>"; };
		D11BF19127649C62006F2A6C /* bca7fdafly1gax1gqfgsjj20c80axaay.jpg */ = {isa = PBXFileReference; lastKnownFileType = image.jpeg; path = bca7fdafly1gax1gqfgsjj20c80axaay.jpg; sourceTree = "<group>"; };
		D11BF19227649C62006F2A6C /* c5aa834fly8g97m8ix9lcj20re0regnk.jpg */ = {isa = PBXFileReference; lastKnownFileType = image.jpeg; path = c5aa834fly8g97m8ix9lcj20re0regnk.jpg; sourceTree = "<group>"; };
		D11BF19327649C62006F2A6C /* 700a34f6ly8g9a29rjt92j20fn0iqdg8.jpg */ = {isa = PBXFileReference; lastKnownFileType = image.jpeg; path = 700a34f6ly8g9a29rjt92j20fn0iqdg8.jpg; sourceTree = "<group>"; };
		D11BF19427649C62006F2A6C /* d0c21786ly1gavj2cdrkyj20c80720tg.jpg */ = {isa = PBXFileReference; lastKnownFileType = image.jpeg; path = d0c21786ly1gavj2cdrkyj20c80720tg.jpg; sourceTree = "<group>"; };
		D11BF19527649C62006F2A6C /* bca7fdafly1gax1gqehdaj20c80atq3x.jpg */ = {isa = PBXFileReference; lastKnownFileType = image.jpeg; path = bca7fdafly1gax1gqehdaj20c80atq3x.jpg; sourceTree = "<group>"; };
		D11BF19627649C62006F2A6C /* d0c21786ly1gavj2d17d9j20c808zq3r.jpg */ = {isa = PBXFileReference; lastKnownFileType = image.jpeg; path = d0c21786ly1gavj2d17d9j20c808zq3r.jpg; sourceTree = "<group>"; };
		D11BF19727649C62006F2A6C /* 8a0b5544gy1gauy2gz000j20u00n6wgj.jpg */ = {isa = PBXFileReference; lastKnownFileType = image.jpeg; path = 8a0b5544gy1gauy2gz000j20u00n6wgj.jpg; sourceTree = "<group>"; };
		D11BF19827649C62006F2A6C /* 006PdkDogy1gap6ngj12ej30u011itf7.jpg */ = {isa = PBXFileReference; lastKnownFileType = image.jpeg; path = 006PdkDogy1gap6ngj12ej30u011itf7.jpg; sourceTree = "<group>"; };
		D11BF19927649C62006F2A6C /* 700a34f6gy1gaunsx2jywj20j60pkaeu.jpg */ = {isa = PBXFileReference; lastKnownFileType = image.jpeg; path = 700a34f6gy1gaunsx2jywj20j60pkaeu.jpg; sourceTree = "<group>"; };
		D11BF19A27649C62006F2A6C /* 4e7f0c83gy1gam2mr1b81j22tc2407wi.jpg */ = {isa = PBXFileReference; lastKnownFileType = image.jpeg; path = 4e7f0c83gy1gam2mr1b81j22tc2407wi.jpg; sourceTree = "<group>"; };
		D11BF19B27649C62006F2A6C /* 6a2afec3jw8fb4ld0qf2gj20e80dsdfz.jpg */ = {isa = PBXFileReference; lastKnownFileType = image.jpeg; path = 6a2afec3jw8fb4ld0qf2gj20e80dsdfz.jpg; sourceTree = "<group>"; };
		D11BF19C27649C62006F2A6C /* bca7fdafly1gax1gqd9vmj20c80ayaam.jpg */ = {isa = PBXFileReference; lastKnownFileType = image.jpeg; path = bca7fdafly1gax1gqd9vmj20c80ayaam.jpg; sourceTree = "<group>"; };
		D11BF19D27649C62006F2A6C /* 8a0b5544gy1gauy2hcozsj20u01czdiy.jpg */ = {isa = PBXFileReference; lastKnownFileType = image.jpeg; path = 8a0b5544gy1gauy2hcozsj20u01czdiy.jpg; sourceTree = "<group>"; };
		D11BF19E27649C62006F2A6C /* c5aa834fgy1gauzr95r6fj20tw0l3dq4.jpg */ = {isa = PBXFileReference; lastKnownFileType = image.jpeg; path = c5aa834fgy1gauzr95r6fj20tw0l3dq4.jpg; sourceTree = "<group>"; };
		D11BF19F27649C62006F2A6C /* 006PdkDogy1gap6ngiyn3j30u011idle.jpg */ = {isa = PBXFileReference; lastKnownFileType = image.jpeg; path = 006PdkDogy1gap6ngiyn3j30u011idle.jpg; sourceTree = "<group>"; };
		D11BF1A027649C62006F2A6C /* d0c21786ly1gavj2btv6tj20c80790tg.jpg */ = {isa = PBXFileReference; lastKnownFileType = image.jpeg; path = d0c21786ly1gavj2btv6tj20c80790tg.jpg; sourceTree = "<group>"; };
		D11BF1A127649C62006F2A6C /* PostListData_hot_1.json */ = {isa = PBXFileReference; fileEncoding = 4; lastKnownFileType = text.json; path = PostListData_hot_1.json; sourceTree = "<group>"; };
		D11BF1A227649C62006F2A6C /* eb5c94aely8fmvumnl9baj20v90v9q49.jpg */ = {isa = PBXFileReference; lastKnownFileType = image.jpeg; path = eb5c94aely8fmvumnl9baj20v90v9q49.jpg; sourceTree = "<group>"; };
		D11BF1A327649C62006F2A6C /* 630584a6ly8fqs5wwkkmrj20ku0kuta7.jpg */ = {isa = PBXFileReference; lastKnownFileType = image.jpeg; path = 630584a6ly8fqs5wwkkmrj20ku0kuta7.jpg; sourceTree = "<group>"; };
		D11BF1A427649C62006F2A6C /* d0c21786ly1gavj2cowp9j20c8083ab4.jpg */ = {isa = PBXFileReference; lastKnownFileType = image.jpeg; path = d0c21786ly1gavj2cowp9j20c8083ab4.jpg; sourceTree = "<group>"; };
		D11BF1A527649C62006F2A6C /* 9dc7402fgy1gavd367p0pj20j60nywic.jpg */ = {isa = PBXFileReference; lastKnownFileType = image.jpeg; path = 9dc7402fgy1gavd367p0pj20j60nywic.jpg; sourceTree = "<group>"; };
		D11BF1A627649C62006F2A6C /* 006gWxMEly1gavap86qr9j30ht0qo40t.jpg */ = {isa = PBXFileReference; lastKnownFileType = image.jpeg; path = 006gWxMEly1gavap86qr9j30ht0qo40t.jpg; sourceTree = "<group>"; };
		D11BF1A727649C62006F2A6C /* 76297935ly1gatz8k5itij22c02c01ky.jpg */ = {isa = PBXFileReference; lastKnownFileType = image.jpeg; path = 76297935ly1gatz8k5itij22c02c01ky.jpg; sourceTree = "<group>"; };
		D11BF1A827649C62006F2A6C /* 76297935ly1gatz8g5rvxj22c03401kz.jpg */ = {isa = PBXFileReference; lastKnownFileType = image.jpeg; path = 76297935ly1gatz8g5rvxj22c03401kz.jpg; sourceTree = "<group>"; };
		D11BF1A927649C62006F2A6C /* 700a34f6gy1gaunsxhp4pj20j60pkn1k.jpg */ = {isa = PBXFileReference; lastKnownFileType = image.jpeg; path = 700a34f6gy1gaunsxhp4pj20j60pkn1k.jpg; sourceTree = "<group>"; };
		D11BF1AA27649C62006F2A6C /* eb5c94aegy1gav2509cp5j20zk0k0n2j.jpg */ = {isa = PBXFileReference; lastKnownFileType = image.jpeg; path = eb5c94aegy1gav2509cp5j20zk0k0n2j.jpg; sourceTree = "<group>"; };
		D11BF1AB27649C62006F2A6C /* 4e7f0c83gy1gam2mn58d3j22tc240qv5.jpg */ = {isa = PBXFileReference; lastKnownFileType = image.jpeg; path = 4e7f0c83gy1gam2mn58d3j22tc240qv5.jpg; sourceTree = "<group>"; };
		D11BF1AC27649C62006F2A6C /* eb5c94aegy1gav26fycwlj20zk1h8drh.jpg */ = {isa = PBXFileReference; lastKnownFileType = image.jpeg; path = eb5c94aegy1gav26fycwlj20zk1h8drh.jpg; sourceTree = "<group>"; };
		D11BF1AD27649C62006F2A6C /* 630584a6gy1gau54zyj61j20m80etn07.jpg */ = {isa = PBXFileReference; lastKnownFileType = image.jpeg; path = 630584a6gy1gau54zyj61j20m80etn07.jpg; sourceTree = "<group>"; };
		D11BF1AE27649C62006F2A6C /* c5aa834fgy1gauzr8ok78j20tz12fk8w.jpg */ = {isa = PBXFileReference; lastKnownFileType = image.jpeg; path = c5aa834fgy1gauzr8ok78j20tz12fk8w.jpg; sourceTree = "<group>"; };
		D11BF1AF27649C62006F2A6C /* 76297935ly8g4phfkq68hj20u00u0mzt.jpg */ = {isa = PBXFileReference; lastKnownFileType = image.jpeg; path = 76297935ly8g4phfkq68hj20u00u0mzt.jpg; sourceTree = "<group>"; };
		D11BF1B027649C62006F2A6C /* 9dc7402fgy1gavd37l9nwj20j60ny44q.jpg */ = {isa = PBXFileReference; lastKnownFileType = image.jpeg; path = 9dc7402fgy1gavd37l9nwj20j60ny44q.jpg; sourceTree = "<group>"; };
		D11BF1B127649C62006F2A6C /* 700a34f6gy1gaunswwui7j20j60pl78e.jpg */ = {isa = PBXFileReference; lastKnownFileType = image.jpeg; path = 700a34f6gy1gaunswwui7j20j60pl78e.jpg; sourceTree = "<group>"; };
		D11BF1B227649C62006F2A6C /* 630584a6gy1gau54zgaxhj20m80et0vq.jpg */ = {isa = PBXFileReference; lastKnownFileType = image.jpeg; path = 630584a6gy1gau54zgaxhj20m80et0vq.jpg; sourceTree = "<group>"; };
		D11BF1B327649C62006F2A6C /* 4e7f0c83gy1gam2mjhk8zj21hc0v6wnx.jpg */ = {isa = PBXFileReference; lastKnownFileType = image.jpeg; path = 4e7f0c83gy1gam2mjhk8zj21hc0v6wnx.jpg; sourceTree = "<group>"; };
		D11BF1B427649C62006F2A6C /* 6ec3b446gy1gavd4xud8lj20j60qkwj0.jpg */ = {isa = PBXFileReference; lastKnownFileType = image.jpeg; path = 6ec3b446gy1gavd4xud8lj20j60qkwj0.jpg; sourceTree = "<group>"; };
		D11BF1B527649C62006F2A6C /* 4e7f0c83ly8g1ho507078j20ro0rojtq.jpg */ = {isa = PBXFileReference; lastKnownFileType = image.jpeg; path = 4e7f0c83ly8g1ho507078j20ro0rojtq.jpg; sourceTree = "<group>"; };
		D11BF1B627649C62006F2A6C /* bca7fdafly1gax1gqdhouj20c80axaam.jpg */ = {isa = PBXFileReference; lastKnownFileType = image.jpeg; path = bca7fdafly1gax1gqdhouj20c80axaam.jpg; sourceTree = "<group>"; };
		D11BF1B727649C62006F2A6C /* 6ec3b446gy1gavd523embj20j60pytd6.jpg */ = {isa = PBXFileReference; lastKnownFileType = image.jpeg; path = 6ec3b446gy1gavd523embj20j60pytd6.jpg; sourceTree = "<group>"; };
		D11BF1B827649C62006F2A6C /* 005tnxzUly8gab4i2r73xj30u00u0js8.jpg */ = {isa = PBXFileReference; lastKnownFileType = image.jpeg; path = 005tnxzUly8gab4i2r73xj30u00u0js8.jpg; sourceTree = "<group>"; };
		D11BF1B927649C62006F2A6C /* PostVIPBadge.swift */ = {isa = PBXFileReference; fileEncoding = 4; lastKnownFileType = sourcecode.swift; path = PostVIPBadge.swift; sourceTree = "<group>"; };
		D11BF1BA27649C62006F2A6C /* PostCell.swift */ = {isa = PBXFileReference; fileEncoding = 4; lastKnownFileType = sourcecode.swift; path = PostCell.swift; sourceTree = "<group>"; };
		D11BF1BB27649C62006F2A6C /* PostListView.swift */ = {isa = PBXFileReference; fileEncoding = 4; lastKnownFileType = sourcecode.swift; path = PostListView.swift; sourceTree = "<group>"; };
		D11BF1BC27649C62006F2A6C /* PostCellToolbarButton.swift */ = {isa = PBXFileReference; fileEncoding = 4; lastKnownFileType = sourcecode.swift; path = PostCellToolbarButton.swift; sourceTree = "<group>"; };
/* End PBXFileReference section */

/* Begin PBXFrameworksBuildPhase section */
		D11BF14F27649C40006F2A6C /* Frameworks */ = {
			isa = PBXFrameworksBuildPhase;
			buildActionMask = 2147483647;
			files = (
			);
			runOnlyForDeploymentPostprocessing = 0;
		};
/* End PBXFrameworksBuildPhase section */

/* Begin PBXGroup section */
		D11BF14927649C40006F2A6C = {
			isa = PBXGroup;
			children = (
				D11BF15427649C40006F2A6C /* WeiBo */,
				D11BF15327649C40006F2A6C /* Products */,
			);
			sourceTree = "<group>";
		};
		D11BF15327649C40006F2A6C /* Products */ = {
			isa = PBXGroup;
			children = (
				D11BF15227649C40006F2A6C /* WeiBo.app */,
			);
			name = Products;
			sourceTree = "<group>";
		};
		D11BF15427649C40006F2A6C /* WeiBo */ = {
			isa = PBXGroup;
			children = (
				D11BF15527649C40006F2A6C /* WeiBoApp.swift */,
				D11BF15727649C40006F2A6C /* ContentView.swift */,
				D11BF15927649C41006F2A6C /* Assets.xcassets */,
				D11BF16327649C62006F2A6C /* Post.swift */,
				D11BF1BA27649C62006F2A6C /* PostCell.swift */,
				D11BF1BC27649C62006F2A6C /* PostCellToolbarButton.swift */,
				D11BF1BB27649C62006F2A6C /* PostListView.swift */,
				D11BF1B927649C62006F2A6C /* PostVIPBadge.swift */,
				D11BF16427649C62006F2A6C /* Resources */,
				D11BF15B27649C41006F2A6C /* Preview Content */,
			);
			path = WeiBo;
			sourceTree = "<group>";
		};
		D11BF15B27649C41006F2A6C /* Preview Content */ = {
			isa = PBXGroup;
			children = (
				D11BF15C27649C41006F2A6C /* Preview Assets.xcassets */,
			);
			path = "Preview Content";
			sourceTree = "<group>";
		};
		D11BF16427649C62006F2A6C /* Resources */ = {
			isa = PBXGroup;
			children = (
				D11BF16527649C62006F2A6C /* 8697cf1ely8gashxj3b09j20u00u040v.jpg */,
				D11BF16627649C62006F2A6C /* d0c21786ly1gavj2c0kcej20c8096dh7.jpg */,
				D11BF16727649C62006F2A6C /* 6ec3b446jw1e8qgp5bmzyj2050050aa8.jpg */,
				D11BF16827649C62006F2A6C /* 8a0b5544jw1e8qgp5bmzyj2050050aa8.jpg */,
				D11BF16927649C62006F2A6C /* bca7fdafly1gax1gqdg6qj20c80avdgl.jpg */,
				D11BF16A27649C62006F2A6C /* 9dc7402fjw1e8qgp5bmzyj2050050aa8.jpg */,
				D11BF16B27649C62006F2A6C /* eb5c94aegy1gav25n5ibjj20zk1h8wuu.jpg */,
				D11BF16C27649C62006F2A6C /* 006gWxMEly1gavap8dywoj30hs0bwq48.jpg */,
				D11BF16D27649C62006F2A6C /* WechatIMG3.jpeg */,
				D11BF16E27649C62006F2A6C /* 630584a6gy1gau54zl806j20m80etmzo.jpg */,
				D11BF16F27649C62006F2A6C /* 9dc7402fgy1gavd38wwlrj20j60nyq6y.jpg */,
				D11BF17027649C62006F2A6C /* 8a0b5544gy1gauy2flua6j20u00hitab.jpg */,
				D11BF17127649C62006F2A6C /* 7f9147a5ly1fzxlh4ovuej20e90fl4fo.jpg */,
				D11BF17227649C62006F2A6C /* 7f9147a5ly1fzxlgxgzpij20e90fltsj.jpg */,
				D11BF17327649C62006F2A6C /* 76297935ly1gatz8obqvkj22c0340npe.jpg */,
				D11BF17427649C62006F2A6C /* d0c21786ly8fsax1ftiifj20ro0ro43g.jpg */,
				D11BF17527649C62006F2A6C /* 9dc7402fgy1gavd38kqjtj20j60nyn1d.jpg */,
				D11BF17627649C62006F2A6C /* 6a2afec3gy1gaulykcejqj20t5145wns.jpg */,
				D11BF17727649C62006F2A6C /* 4e7f0c83gy1gam2mp0x4pj22tc240u0x.jpg */,
				D11BF17827649C62006F2A6C /* c5aa834fgy1gauzrb7s5ej20tz13qh5x.jpg */,
				D11BF17927649C62006F2A6C /* 700a34f6gy1gaunswxtlrj20j60pkgok.jpg */,
				D11BF17A27649C62006F2A6C /* 8a0b5544gy1gauy2ex786j20u0129aed.jpg */,
				D11BF17B27649C62006F2A6C /* 76297935ly1gatz89dzblj23402c0qv6.jpg */,
				D11BF17C27649C62006F2A6C /* 700a34f6gy1gaunswy5qnj20j60pkadk.jpg */,
				D11BF17D27649C62006F2A6C /* bca7fdafgw1ekhkps65b1j2050050dg4.jpg */,
				D11BF17E27649C62006F2A6C /* PostListData_recommend_1.json */,
				D11BF17F27649C62006F2A6C /* 006gWxMEly8g0bjpl3ynij30kv0kv773.jpg */,
				D11BF18027649C62006F2A6C /* 6ec3b446gy1gavd51jc4lj20j60pmwhl.jpg */,
				D11BF18127649C62006F2A6C /* 006gWxMEly1gavap88gttj30hs0a0dgf.jpg */,
				D11BF18227649C62006F2A6C /* 4e7f0c83gy1gam2ml6nucj22tc240kjl.jpg */,
				D11BF18327649C62006F2A6C /* 4e7f0c83gy1gam2misv31j21hc0u016k.jpg */,
				D11BF18427649C62006F2A6C /* 8a0b5544gy1gauy2gmkg9j20u00gegnp.jpg */,
				D11BF18527649C62006F2A6C /* 006gWxMEly1gavap8vsqaj30hs0bwgm6.jpg */,
				D11BF18627649C62006F2A6C /* 648ed25bjw8est9nqrtnij20500503yr.jpg */,
				D11BF18727649C62006F2A6C /* eb5c94aegy1gav25ox6dvj20u00k1go9.jpg */,
				D11BF18827649C62006F2A6C /* 8a0b5544gy1gauy2g35yoj20u00fomzf.jpg */,
				D11BF18927649C62006F2A6C /* 006PdkDoly8ffywe2fq39j304g04gwed.jpg */,
				D11BF18A27649C62006F2A6C /* 700a34f6gy1gaunsxgzixj20j60edmz8.jpg */,
				D11BF18B27649C62006F2A6C /* bca7fdafly1gax1gqdnboj20c80atmxp.jpg */,
				D11BF18C27649C62006F2A6C /* c5aa834fgy1gauzr6venkj20u01hc12f.jpg */,
				D11BF18D27649C62006F2A6C /* 7f9147a5ly1fzxlh6hzdnj20e90fl7me.jpg */,
				D11BF18E27649C62006F2A6C /* 630584a6gy1gau54zm4dtj20m80dftbv.jpg */,
				D11BF18F27649C62006F2A6C /* c5aa834fgy1gauzr86bp5j20pb0w47in.jpg */,
				D11BF19027649C62006F2A6C /* 9dc7402fgy1gavd39ba15j20j60nywii.jpg */,
				D11BF19127649C62006F2A6C /* bca7fdafly1gax1gqfgsjj20c80axaay.jpg */,
				D11BF19227649C62006F2A6C /* c5aa834fly8g97m8ix9lcj20re0regnk.jpg */,
				D11BF19327649C62006F2A6C /* 700a34f6ly8g9a29rjt92j20fn0iqdg8.jpg */,
				D11BF19427649C62006F2A6C /* d0c21786ly1gavj2cdrkyj20c80720tg.jpg */,
				D11BF19527649C62006F2A6C /* bca7fdafly1gax1gqehdaj20c80atq3x.jpg */,
				D11BF19627649C62006F2A6C /* d0c21786ly1gavj2d17d9j20c808zq3r.jpg */,
				D11BF19727649C62006F2A6C /* 8a0b5544gy1gauy2gz000j20u00n6wgj.jpg */,
				D11BF19827649C62006F2A6C /* 006PdkDogy1gap6ngj12ej30u011itf7.jpg */,
				D11BF19927649C62006F2A6C /* 700a34f6gy1gaunsx2jywj20j60pkaeu.jpg */,
				D11BF19A27649C62006F2A6C /* 4e7f0c83gy1gam2mr1b81j22tc2407wi.jpg */,
				D11BF19B27649C62006F2A6C /* 6a2afec3jw8fb4ld0qf2gj20e80dsdfz.jpg */,
				D11BF19C27649C62006F2A6C /* bca7fdafly1gax1gqd9vmj20c80ayaam.jpg */,
				D11BF19D27649C62006F2A6C /* 8a0b5544gy1gauy2hcozsj20u01czdiy.jpg */,
				D11BF19E27649C62006F2A6C /* c5aa834fgy1gauzr95r6fj20tw0l3dq4.jpg */,
				D11BF19F27649C62006F2A6C /* 006PdkDogy1gap6ngiyn3j30u011idle.jpg */,
				D11BF1A027649C62006F2A6C /* d0c21786ly1gavj2btv6tj20c80790tg.jpg */,
				D11BF1A127649C62006F2A6C /* PostListData_hot_1.json */,
				D11BF1A227649C62006F2A6C /* eb5c94aely8fmvumnl9baj20v90v9q49.jpg */,
				D11BF1A327649C62006F2A6C /* 630584a6ly8fqs5wwkkmrj20ku0kuta7.jpg */,
				D11BF1A427649C62006F2A6C /* d0c21786ly1gavj2cowp9j20c8083ab4.jpg */,
				D11BF1A527649C62006F2A6C /* 9dc7402fgy1gavd367p0pj20j60nywic.jpg */,
				D11BF1A627649C62006F2A6C /* 006gWxMEly1gavap86qr9j30ht0qo40t.jpg */,
				D11BF1A727649C62006F2A6C /* 76297935ly1gatz8k5itij22c02c01ky.jpg */,
				D11BF1A827649C62006F2A6C /* 76297935ly1gatz8g5rvxj22c03401kz.jpg */,
				D11BF1A927649C62006F2A6C /* 700a34f6gy1gaunsxhp4pj20j60pkn1k.jpg */,
				D11BF1AA27649C62006F2A6C /* eb5c94aegy1gav2509cp5j20zk0k0n2j.jpg */,
				D11BF1AB27649C62006F2A6C /* 4e7f0c83gy1gam2mn58d3j22tc240qv5.jpg */,
				D11BF1AC27649C62006F2A6C /* eb5c94aegy1gav26fycwlj20zk1h8drh.jpg */,
				D11BF1AD27649C62006F2A6C /* 630584a6gy1gau54zyj61j20m80etn07.jpg */,
				D11BF1AE27649C62006F2A6C /* c5aa834fgy1gauzr8ok78j20tz12fk8w.jpg */,
				D11BF1AF27649C62006F2A6C /* 76297935ly8g4phfkq68hj20u00u0mzt.jpg */,
				D11BF1B027649C62006F2A6C /* 9dc7402fgy1gavd37l9nwj20j60ny44q.jpg */,
				D11BF1B127649C62006F2A6C /* 700a34f6gy1gaunswwui7j20j60pl78e.jpg */,
				D11BF1B227649C62006F2A6C /* 630584a6gy1gau54zgaxhj20m80et0vq.jpg */,
				D11BF1B327649C62006F2A6C /* 4e7f0c83gy1gam2mjhk8zj21hc0v6wnx.jpg */,
				D11BF1B427649C62006F2A6C /* 6ec3b446gy1gavd4xud8lj20j60qkwj0.jpg */,
				D11BF1B527649C62006F2A6C /* 4e7f0c83ly8g1ho507078j20ro0rojtq.jpg */,
				D11BF1B627649C62006F2A6C /* bca7fdafly1gax1gqdhouj20c80axaam.jpg */,
				D11BF1B727649C62006F2A6C /* 6ec3b446gy1gavd523embj20j60pytd6.jpg */,
				D11BF1B827649C62006F2A6C /* 005tnxzUly8gab4i2r73xj30u00u0js8.jpg */,
			);
			path = Resources;
			sourceTree = "<group>";
		};
/* End PBXGroup section */

/* Begin PBXNativeTarget section */
		D11BF15127649C40006F2A6C /* WeiBo */ = {
			isa = PBXNativeTarget;
			buildConfigurationList = D11BF16027649C41006F2A6C /* Build configuration list for PBXNativeTarget "WeiBo" */;
			buildPhases = (
				D11BF14E27649C40006F2A6C /* Sources */,
				D11BF14F27649C40006F2A6C /* Frameworks */,
				D11BF15027649C40006F2A6C /* Resources */,
			);
			buildRules = (
			);
			dependencies = (
			);
			name = WeiBo;
			productName = WeiBo;
			productReference = D11BF15227649C40006F2A6C /* WeiBo.app */;
			productType = "com.apple.product-type.application";
		};
/* End PBXNativeTarget section */

/* Begin PBXProject section */
		D11BF14A27649C40006F2A6C /* Project object */ = {
			isa = PBXProject;
			attributes = {
				BuildIndependentTargetsInParallel = 1;
				LastSwiftUpdateCheck = 1310;
				LastUpgradeCheck = 1310;
				TargetAttributes = {
					D11BF15127649C40006F2A6C = {
						CreatedOnToolsVersion = 13.1;
					};
				};
			};
			buildConfigurationList = D11BF14D27649C40006F2A6C /* Build configuration list for PBXProject "WeiBo" */;
			compatibilityVersion = "Xcode 13.0";
			developmentRegion = en;
			hasScannedForEncodings = 0;
			knownRegions = (
				en,
				Base,
			);
			mainGroup = D11BF14927649C40006F2A6C;
			productRefGroup = D11BF15327649C40006F2A6C /* Products */;
			projectDirPath = "";
			projectRoot = "";
			targets = (
				D11BF15127649C40006F2A6C /* WeiBo */,
			);
		};
/* End PBXProject section */

/* Begin PBXResourcesBuildPhase section */
		D11BF15027649C40006F2A6C /* Resources */ = {
			isa = PBXResourcesBuildPhase;
			buildActionMask = 2147483647;
			files = (
				D11BF15D27649C41006F2A6C /* Preview Assets.xcassets in Resources */,
				D11BF1F427649C62006F2A6C /* 6a2afec3jw8fb4ld0qf2gj20e80dsdfz.jpg in Resources */,
				D11BF20327649C62006F2A6C /* eb5c94aegy1gav2509cp5j20zk0k0n2j.jpg in Resources */,
				D11BF20427649C62006F2A6C /* 4e7f0c83gy1gam2mn58d3j22tc240qv5.jpg in Resources */,
				D11BF1D027649C62006F2A6C /* 4e7f0c83gy1gam2mp0x4pj22tc240u0x.jpg in Resources */,
				D11BF21027649C62006F2A6C /* 6ec3b446gy1gavd523embj20j60pytd6.jpg in Resources */,
				D11BF1DD27649C62006F2A6C /* 8a0b5544gy1gauy2gmkg9j20u00gegnp.jpg in Resources */,
				D11BF1D327649C62006F2A6C /* 8a0b5544gy1gauy2ex786j20u0129aed.jpg in Resources */,
				D11BF1EE27649C62006F2A6C /* bca7fdafly1gax1gqehdaj20c80atq3x.jpg in Resources */,
				D11BF1E627649C62006F2A6C /* 7f9147a5ly1fzxlh6hzdnj20e90fl7me.jpg in Resources */,
				D11BF1BF27649C62006F2A6C /* d0c21786ly1gavj2c0kcej20c8096dh7.jpg in Resources */,
				D11BF20627649C62006F2A6C /* 630584a6gy1gau54zyj61j20m80etn07.jpg in Resources */,
				D11BF1EA27649C62006F2A6C /* bca7fdafly1gax1gqfgsjj20c80axaay.jpg in Resources */,
				D11BF1CF27649C62006F2A6C /* 6a2afec3gy1gaulykcejqj20t5145wns.jpg in Resources */,
				D11BF1F927649C62006F2A6C /* d0c21786ly1gavj2btv6tj20c80790tg.jpg in Resources */,
				D11BF1FC27649C62006F2A6C /* 630584a6ly8fqs5wwkkmrj20ku0kuta7.jpg in Resources */,
				D11BF1C427649C62006F2A6C /* eb5c94aegy1gav25n5ibjj20zk1h8wuu.jpg in Resources */,
				D11BF1D827649C62006F2A6C /* 006gWxMEly8g0bjpl3ynij30kv0kv773.jpg in Resources */,
				D11BF1C727649C62006F2A6C /* 630584a6gy1gau54zl806j20m80etmzo.jpg in Resources */,
				D11BF1E427649C62006F2A6C /* bca7fdafly1gax1gqdnboj20c80atmxp.jpg in Resources */,
				D11BF1F827649C62006F2A6C /* 006PdkDogy1gap6ngiyn3j30u011idle.jpg in Resources */,
				D11BF1D627649C62006F2A6C /* bca7fdafgw1ekhkps65b1j2050050dg4.jpg in Resources */,
				D11BF1C927649C62006F2A6C /* 8a0b5544gy1gauy2flua6j20u00hitab.jpg in Resources */,
				D11BF21127649C62006F2A6C /* 005tnxzUly8gab4i2r73xj30u00u0js8.jpg in Resources */,
				D11BF1EB27649C62006F2A6C /* c5aa834fly8g97m8ix9lcj20re0regnk.jpg in Resources */,
				D11BF1C227649C62006F2A6C /* bca7fdafly1gax1gqdg6qj20c80avdgl.jpg in Resources */,
				D11BF1DE27649C62006F2A6C /* 006gWxMEly1gavap8vsqaj30hs0bwgm6.jpg in Resources */,
				D11BF20227649C62006F2A6C /* 700a34f6gy1gaunsxhp4pj20j60pkn1k.jpg in Resources */,
				D11BF1D127649C62006F2A6C /* c5aa834fgy1gauzrb7s5ej20tz13qh5x.jpg in Resources */,
				D11BF1C827649C62006F2A6C /* 9dc7402fgy1gavd38wwlrj20j60nyq6y.jpg in Resources */,
				D11BF1C127649C62006F2A6C /* 8a0b5544jw1e8qgp5bmzyj2050050aa8.jpg in Resources */,
				D11BF20127649C62006F2A6C /* 76297935ly1gatz8g5rvxj22c03401kz.jpg in Resources */,
				D11BF1F127649C62006F2A6C /* 006PdkDogy1gap6ngj12ej30u011itf7.jpg in Resources */,
				D11BF1C327649C62006F2A6C /* 9dc7402fjw1e8qgp5bmzyj2050050aa8.jpg in Resources */,
				D11BF1FA27649C62006F2A6C /* PostListData_hot_1.json in Resources */,
				D11BF1EF27649C62006F2A6C /* d0c21786ly1gavj2d17d9j20c808zq3r.jpg in Resources */,
				D11BF1FD27649C62006F2A6C /* d0c21786ly1gavj2cowp9j20c8083ab4.jpg in Resources */,
				D11BF1DF27649C62006F2A6C /* 648ed25bjw8est9nqrtnij20500503yr.jpg in Resources */,
				D11BF1BE27649C62006F2A6C /* 8697cf1ely8gashxj3b09j20u00u040v.jpg in Resources */,
				D11BF1E327649C62006F2A6C /* 700a34f6gy1gaunsxgzixj20j60edmz8.jpg in Resources */,
				D11BF1FF27649C62006F2A6C /* 006gWxMEly1gavap86qr9j30ht0qo40t.jpg in Resources */,
				D11BF1DB27649C62006F2A6C /* 4e7f0c83gy1gam2ml6nucj22tc240kjl.jpg in Resources */,
				D11BF1F627649C62006F2A6C /* 8a0b5544gy1gauy2hcozsj20u01czdiy.jpg in Resources */,
				D11BF20D27649C62006F2A6C /* 6ec3b446gy1gavd4xud8lj20j60qkwj0.jpg in Resources */,
				D11BF1F227649C62006F2A6C /* 700a34f6gy1gaunsx2jywj20j60pkaeu.jpg in Resources */,
				D11BF1D527649C62006F2A6C /* 700a34f6gy1gaunswy5qnj20j60pkadk.jpg in Resources */,
				D11BF1C527649C62006F2A6C /* 006gWxMEly1gavap8dywoj30hs0bwq48.jpg in Resources */,
				D11BF20027649C62006F2A6C /* 76297935ly1gatz8k5itij22c02c01ky.jpg in Resources */,
				D11BF1FE27649C62006F2A6C /* 9dc7402fgy1gavd367p0pj20j60nywic.jpg in Resources */,
				D11BF20B27649C62006F2A6C /* 630584a6gy1gau54zgaxhj20m80et0vq.jpg in Resources */,
				D11BF20E27649C62006F2A6C /* 4e7f0c83ly8g1ho507078j20ro0rojtq.jpg in Resources */,
				D11BF1F527649C62006F2A6C /* bca7fdafly1gax1gqd9vmj20c80ayaam.jpg in Resources */,
				D11BF1CB27649C62006F2A6C /* 7f9147a5ly1fzxlgxgzpij20e90fltsj.jpg in Resources */,
				D11BF1F727649C62006F2A6C /* c5aa834fgy1gauzr95r6fj20tw0l3dq4.jpg in Resources */,
				D11BF1CC27649C62006F2A6C /* 76297935ly1gatz8obqvkj22c0340npe.jpg in Resources */,
				D11BF1EC27649C62006F2A6C /* 700a34f6ly8g9a29rjt92j20fn0iqdg8.jpg in Resources */,
				D11BF1D927649C62006F2A6C /* 6ec3b446gy1gavd51jc4lj20j60pmwhl.jpg in Resources */,
				D11BF20527649C62006F2A6C /* eb5c94aegy1gav26fycwlj20zk1h8drh.jpg in Resources */,
				D11BF1D227649C62006F2A6C /* 700a34f6gy1gaunswxtlrj20j60pkgok.jpg in Resources */,
				D11BF1FB27649C62006F2A6C /* eb5c94aely8fmvumnl9baj20v90v9q49.jpg in Resources */,
				D11BF1F327649C62006F2A6C /* 4e7f0c83gy1gam2mr1b81j22tc2407wi.jpg in Resources */,
				D11BF15A27649C41006F2A6C /* Assets.xcassets in Resources */,
				D11BF1DC27649C62006F2A6C /* 4e7f0c83gy1gam2misv31j21hc0u016k.jpg in Resources */,
				D11BF20727649C62006F2A6C /* c5aa834fgy1gauzr8ok78j20tz12fk8w.jpg in Resources */,
				D11BF1ED27649C62006F2A6C /* d0c21786ly1gavj2cdrkyj20c80720tg.jpg in Resources */,
				D11BF1C627649C62006F2A6C /* WechatIMG3.jpeg in Resources */,
				D11BF20C27649C62006F2A6C /* 4e7f0c83gy1gam2mjhk8zj21hc0v6wnx.jpg in Resources */,
				D11BF20927649C62006F2A6C /* 9dc7402fgy1gavd37l9nwj20j60ny44q.jpg in Resources */,
				D11BF1C027649C62006F2A6C /* 6ec3b446jw1e8qgp5bmzyj2050050aa8.jpg in Resources */,
				D11BF20827649C62006F2A6C /* 76297935ly8g4phfkq68hj20u00u0mzt.jpg in Resources */,
				D11BF1E527649C62006F2A6C /* c5aa834fgy1gauzr6venkj20u01hc12f.jpg in Resources */,
				D11BF1E027649C62006F2A6C /* eb5c94aegy1gav25ox6dvj20u00k1go9.jpg in Resources */,
				D11BF20A27649C62006F2A6C /* 700a34f6gy1gaunswwui7j20j60pl78e.jpg in Resources */,
				D11BF1DA27649C62006F2A6C /* 006gWxMEly1gavap88gttj30hs0a0dgf.jpg in Resources */,
				D11BF1CE27649C62006F2A6C /* 9dc7402fgy1gavd38kqjtj20j60nyn1d.jpg in Resources */,
				D11BF1E127649C62006F2A6C /* 8a0b5544gy1gauy2g35yoj20u00fomzf.jpg in Resources */,
				D11BF1E227649C62006F2A6C /* 006PdkDoly8ffywe2fq39j304g04gwed.jpg in Resources */,
				D11BF1CD27649C62006F2A6C /* d0c21786ly8fsax1ftiifj20ro0ro43g.jpg in Resources */,
				D11BF1D427649C62006F2A6C /* 76297935ly1gatz89dzblj23402c0qv6.jpg in Resources */,
				D11BF1F027649C62006F2A6C /* 8a0b5544gy1gauy2gz000j20u00n6wgj.jpg in Resources */,
				D11BF1E727649C62006F2A6C /* 630584a6gy1gau54zm4dtj20m80dftbv.jpg in Resources */,
				D11BF20F27649C62006F2A6C /* bca7fdafly1gax1gqdhouj20c80axaam.jpg in Resources */,
				D11BF1E927649C62006F2A6C /* 9dc7402fgy1gavd39ba15j20j60nywii.jpg in Resources */,
				D11BF1E827649C62006F2A6C /* c5aa834fgy1gauzr86bp5j20pb0w47in.jpg in Resources */,
				D11BF1D727649C62006F2A6C /* PostListData_recommend_1.json in Resources */,
				D11BF1CA27649C62006F2A6C /* 7f9147a5ly1fzxlh4ovuej20e90fl4fo.jpg in Resources */,
			);
			runOnlyForDeploymentPostprocessing = 0;
		};
/* End PBXResourcesBuildPhase section */

/* Begin PBXSourcesBuildPhase section */
		D11BF14E27649C40006F2A6C /* Sources */ = {
			isa = PBXSourcesBuildPhase;
			buildActionMask = 2147483647;
			files = (
				D11BF1BD27649C62006F2A6C /* Post.swift in Sources */,
				D11BF21227649C62006F2A6C /* PostVIPBadge.swift in Sources */,
				D11BF15827649C40006F2A6C /* ContentView.swift in Sources */,
				D11BF21527649C62006F2A6C /* PostCellToolbarButton.swift in Sources */,
				D11BF15627649C40006F2A6C /* WeiBoApp.swift in Sources */,
				D11BF21427649C62006F2A6C /* PostListView.swift in Sources */,
				D11BF21327649C62006F2A6C /* PostCell.swift in Sources */,
			);
			runOnlyForDeploymentPostprocessing = 0;
		};
/* End PBXSourcesBuildPhase section */

/* Begin XCBuildConfiguration section */
		D11BF15E27649C41006F2A6C /* Debug */ = {
			isa = XCBuildConfiguration;
			buildSettings = {
				ALWAYS_SEARCH_USER_PATHS = NO;
				CLANG_ANALYZER_NONNULL = YES;
				CLANG_ANALYZER_NUMBER_OBJECT_CONVERSION = YES_AGGRESSIVE;
				CLANG_CXX_LANGUAGE_STANDARD = "gnu++17";
				CLANG_CXX_LIBRARY = "libc++";
				CLANG_ENABLE_MODULES = YES;
				CLANG_ENABLE_OBJC_ARC = YES;
				CLANG_ENABLE_OBJC_WEAK = YES;
				CLANG_WARN_BLOCK_CAPTURE_AUTORELEASING = YES;
				CLANG_WARN_BOOL_CONVERSION = YES;
				CLANG_WARN_COMMA = YES;
				CLANG_WARN_CONSTANT_CONVERSION = YES;
				CLANG_WARN_DEPRECATED_OBJC_IMPLEMENTATIONS = YES;
				CLANG_WARN_DIRECT_OBJC_ISA_USAGE = YES_ERROR;
				CLANG_WARN_DOCUMENTATION_COMMENTS = YES;
				CLANG_WARN_EMPTY_BODY = YES;
				CLANG_WARN_ENUM_CONVERSION = YES;
				CLANG_WARN_INFINITE_RECURSION = YES;
				CLANG_WARN_INT_CONVERSION = YES;
				CLANG_WARN_NON_LITERAL_NULL_CONVERSION = YES;
				CLANG_WARN_OBJC_IMPLICIT_RETAIN_SELF = YES;
				CLANG_WARN_OBJC_LITERAL_CONVERSION = YES;
				CLANG_WARN_OBJC_ROOT_CLASS = YES_ERROR;
				CLANG_WARN_QUOTED_INCLUDE_IN_FRAMEWORK_HEADER = YES;
				CLANG_WARN_RANGE_LOOP_ANALYSIS = YES;
				CLANG_WARN_STRICT_PROTOTYPES = YES;
				CLANG_WARN_SUSPICIOUS_MOVE = YES;
				CLANG_WARN_UNGUARDED_AVAILABILITY = YES_AGGRESSIVE;
				CLANG_WARN_UNREACHABLE_CODE = YES;
				CLANG_WARN__DUPLICATE_METHOD_MATCH = YES;
				COPY_PHASE_STRIP = NO;
				DEBUG_INFORMATION_FORMAT = dwarf;
				ENABLE_STRICT_OBJC_MSGSEND = YES;
				ENABLE_TESTABILITY = YES;
				GCC_C_LANGUAGE_STANDARD = gnu11;
				GCC_DYNAMIC_NO_PIC = NO;
				GCC_NO_COMMON_BLOCKS = YES;
				GCC_OPTIMIZATION_LEVEL = 0;
				GCC_PREPROCESSOR_DEFINITIONS = (
					"DEBUG=1",
					"$(inherited)",
				);
				GCC_WARN_64_TO_32_BIT_CONVERSION = YES;
				GCC_WARN_ABOUT_RETURN_TYPE = YES_ERROR;
				GCC_WARN_UNDECLARED_SELECTOR = YES;
				GCC_WARN_UNINITIALIZED_AUTOS = YES_AGGRESSIVE;
				GCC_WARN_UNUSED_FUNCTION = YES;
				GCC_WARN_UNUSED_VARIABLE = YES;
				IPHONEOS_DEPLOYMENT_TARGET = 15.0;
				MTL_ENABLE_DEBUG_INFO = INCLUDE_SOURCE;
				MTL_FAST_MATH = YES;
				ONLY_ACTIVE_ARCH = YES;
				SDKROOT = iphoneos;
				SWIFT_ACTIVE_COMPILATION_CONDITIONS = DEBUG;
				SWIFT_OPTIMIZATION_LEVEL = "-Onone";
			};
			name = Debug;
		};
		D11BF15F27649C41006F2A6C /* Release */ = {
			isa = XCBuildConfiguration;
			buildSettings = {
				ALWAYS_SEARCH_USER_PATHS = NO;
				CLANG_ANALYZER_NONNULL = YES;
				CLANG_ANALYZER_NUMBER_OBJECT_CONVERSION = YES_AGGRESSIVE;
				CLANG_CXX_LANGUAGE_STANDARD = "gnu++17";
				CLANG_CXX_LIBRARY = "libc++";
				CLANG_ENABLE_MODULES = YES;
				CLANG_ENABLE_OBJC_ARC = YES;
				CLANG_ENABLE_OBJC_WEAK = YES;
				CLANG_WARN_BLOCK_CAPTURE_AUTORELEASING = YES;
				CLANG_WARN_BOOL_CONVERSION = YES;
				CLANG_WARN_COMMA = YES;
				CLANG_WARN_CONSTANT_CONVERSION = YES;
				CLANG_WARN_DEPRECATED_OBJC_IMPLEMENTATIONS = YES;
				CLANG_WARN_DIRECT_OBJC_ISA_USAGE = YES_ERROR;
				CLANG_WARN_DOCUMENTATION_COMMENTS = YES;
				CLANG_WARN_EMPTY_BODY = YES;
				CLANG_WARN_ENUM_CONVERSION = YES;
				CLANG_WARN_INFINITE_RECURSION = YES;
				CLANG_WARN_INT_CONVERSION = YES;
				CLANG_WARN_NON_LITERAL_NULL_CONVERSION = YES;
				CLANG_WARN_OBJC_IMPLICIT_RETAIN_SELF = YES;
				CLANG_WARN_OBJC_LITERAL_CONVERSION = YES;
				CLANG_WARN_OBJC_ROOT_CLASS = YES_ERROR;
				CLANG_WARN_QUOTED_INCLUDE_IN_FRAMEWORK_HEADER = YES;
				CLANG_WARN_RANGE_LOOP_ANALYSIS = YES;
				CLANG_WARN_STRICT_PROTOTYPES = YES;
				CLANG_WARN_SUSPICIOUS_MOVE = YES;
				CLANG_WARN_UNGUARDED_AVAILABILITY = YES_AGGRESSIVE;
				CLANG_WARN_UNREACHABLE_CODE = YES;
				CLANG_WARN__DUPLICATE_METHOD_MATCH = YES;
				COPY_PHASE_STRIP = NO;
				DEBUG_INFORMATION_FORMAT = "dwarf-with-dsym";
				ENABLE_NS_ASSERTIONS = NO;
				ENABLE_STRICT_OBJC_MSGSEND = YES;
				GCC_C_LANGUAGE_STANDARD = gnu11;
				GCC_NO_COMMON_BLOCKS = YES;
				GCC_WARN_64_TO_32_BIT_CONVERSION = YES;
				GCC_WARN_ABOUT_RETURN_TYPE = YES_ERROR;
				GCC_WARN_UNDECLARED_SELECTOR = YES;
				GCC_WARN_UNINITIALIZED_AUTOS = YES_AGGRESSIVE;
				GCC_WARN_UNUSED_FUNCTION = YES;
				GCC_WARN_UNUSED_VARIABLE = YES;
				IPHONEOS_DEPLOYMENT_TARGET = 15.0;
				MTL_ENABLE_DEBUG_INFO = NO;
				MTL_FAST_MATH = YES;
				SDKROOT = iphoneos;
				SWIFT_COMPILATION_MODE = wholemodule;
				SWIFT_OPTIMIZATION_LEVEL = "-O";
				VALIDATE_PRODUCT = YES;
			};
			name = Release;
		};
		D11BF16127649C41006F2A6C /* Debug */ = {
			isa = XCBuildConfiguration;
			buildSettings = {
				ASSETCATALOG_COMPILER_APPICON_NAME = AppIcon;
				ASSETCATALOG_COMPILER_GLOBAL_ACCENT_COLOR_NAME = AccentColor;
				CODE_SIGN_STYLE = Automatic;
				CURRENT_PROJECT_VERSION = 1;
				DEVELOPMENT_ASSET_PATHS = "\"WeiBo/Preview Content\"";
				DEVELOPMENT_TEAM = W3CHGH63KV;
				ENABLE_PREVIEWS = YES;
				GENERATE_INFOPLIST_FILE = YES;
				INFOPLIST_KEY_UIApplicationSceneManifest_Generation = YES;
				INFOPLIST_KEY_UIApplicationSupportsIndirectInputEvents = YES;
				INFOPLIST_KEY_UILaunchScreen_Generation = YES;
				INFOPLIST_KEY_UISupportedInterfaceOrientations_iPad = "UIInterfaceOrientationPortrait UIInterfaceOrientationPortraitUpsideDown UIInterfaceOrientationLandscapeLeft UIInterfaceOrientationLandscapeRight";
				INFOPLIST_KEY_UISupportedInterfaceOrientations_iPhone = "UIInterfaceOrientationPortrait UIInterfaceOrientationLandscapeLeft UIInterfaceOrientationLandscapeRight";
				LD_RUNPATH_SEARCH_PATHS = (
					"$(inherited)",
					"@executable_path/Frameworks",
				);
				MARKETING_VERSION = 1.0;
				PRODUCT_BUNDLE_IDENTIFIER = Wangjie3119004841.WeiBo;
				PRODUCT_NAME = "$(TARGET_NAME)";
				SWIFT_EMIT_LOC_STRINGS = YES;
				SWIFT_VERSION = 5.0;
				TARGETED_DEVICE_FAMILY = "1,2";
			};
			name = Debug;
		};
		D11BF16227649C41006F2A6C /* Release */ = {
			isa = XCBuildConfiguration;
			buildSettings = {
				ASSETCATALOG_COMPILER_APPICON_NAME = AppIcon;
				ASSETCATALOG_COMPILER_GLOBAL_ACCENT_COLOR_NAME = AccentColor;
				CODE_SIGN_STYLE = Automatic;
				CURRENT_PROJECT_VERSION = 1;
				DEVELOPMENT_ASSET_PATHS = "\"WeiBo/Preview Content\"";
				DEVELOPMENT_TEAM = W3CHGH63KV;
				ENABLE_PREVIEWS = YES;
				GENERATE_INFOPLIST_FILE = YES;
				INFOPLIST_KEY_UIApplicationSceneManifest_Generation = YES;
				INFOPLIST_KEY_UIApplicationSupportsIndirectInputEvents = YES;
				INFOPLIST_KEY_UILaunchScreen_Generation = YES;
				INFOPLIST_KEY_UISupportedInterfaceOrientations_iPad = "UIInterfaceOrientationPortrait UIInterfaceOrientationPortraitUpsideDown UIInterfaceOrientationLandscapeLeft UIInterfaceOrientationLandscapeRight";
				INFOPLIST_KEY_UISupportedInterfaceOrientations_iPhone = "UIInterfaceOrientationPortrait UIInterfaceOrientationLandscapeLeft UIInterfaceOrientationLandscapeRight";
				LD_RUNPATH_SEARCH_PATHS = (
					"$(inherited)",
					"@executable_path/Frameworks",
				);
				MARKETING_VERSION = 1.0;
				PRODUCT_BUNDLE_IDENTIFIER = Wangjie3119004841.WeiBo;
				PRODUCT_NAME = "$(TARGET_NAME)";
				SWIFT_EMIT_LOC_STRINGS = YES;
				SWIFT_VERSION = 5.0;
				TARGETED_DEVICE_FAMILY = "1,2";
			};
			name = Release;
		};
/* End XCBuildConfiguration section */

/* Begin XCConfigurationList section */
		D11BF14D27649C40006F2A6C /* Build configuration list for PBXProject "WeiBo" */ = {
			isa = XCConfigurationList;
			buildConfigurations = (
				D11BF15E27649C41006F2A6C /* Debug */,
				D11BF15F27649C41006F2A6C /* Release */,
			);
			defaultConfigurationIsVisible = 0;
			defaultConfigurationName = Release;
		};
		D11BF16027649C41006F2A6C /* Build configuration list for PBXNativeTarget "WeiBo" */ = {
			isa = XCConfigurationList;
			buildConfigurations = (
				D11BF16127649C41006F2A6C /* Debug */,
				D11BF16227649C41006F2A6C /* Release */,
			);
			defaultConfigurationIsVisible = 0;
			defaultConfigurationName = Release;
		};
/* End XCConfigurationList section */
	};
	rootObject = D11BF14A27649C40006F2A6C /* Project object */;
}
